// !$*UTF8*$!
{
	archiveVersion = 1;
	classes = {
	};
	objectVersion = 77;
	objects = {

/* Begin PBXBuildFile section */
		7988F3942F4FB6E700E1DC5E /* Playlist.swift in Sources */ = {isa = PBXBuildFile; fileRef = 7988F3932F4FB6E700E1DC5E /* Playlist.swift */; };
		7988F3962F4FB70800E1DC5E /* PlaylistEditorView.swift in Sources */ = {isa = PBXBuildFile; fileRef = 7988F3952F4FB70800E1DC5E /* PlaylistEditorView.swift */; };
		7988F3982F4FB79400E1DC5E /* PlaylistLibraryView.swift in Sources */ = {isa = PBXBuildFile; fileRef = 7988F3972F4FB79400E1DC5E /* PlaylistLibraryView.swift */; };
		7988F39A2F4FB7F500E1DC5E /* PlaylistPlayerController.swift in Sources */ = {isa = PBXBuildFile; fileRef = 7988F3992F4FB7F500E1DC5E /* PlaylistPlayerController.swift */; };
		7988F39C2F4FB82700E1DC5E /* PlaylistPlayerView.swift in Sources */ = {isa = PBXBuildFile; fileRef = 7988F39B2F4FB82700E1DC5E /* PlaylistPlayerView.swift */; };
		79D548392F4F723B00B3B07F /* WhisperKit in Frameworks */ = {isa = PBXBuildFile; productRef = 79D548382F4F723B00B3B07F /* WhisperKit */; };
		79D5483B2F4F76EF00B3B07F /* AudioLightScoreGenerator.swift in Sources */ = {isa = PBXBuildFile; fileRef = 79D5483A2F4F76EF00B3B07F /* AudioLightScoreGenerator.swift */; };
		79D5483D2F4F7B7F00B3B07F /* AudioLightSyncPlayer.swift in Sources */ = {isa = PBXBuildFile; fileRef = 79D5483C2F4F7B7F00B3B07F /* AudioLightSyncPlayer.swift */; };
		79D5483F2F4F7B9800B3B07F /* AudioLightPlayerView.swift in Sources */ = {isa = PBXBuildFile; fileRef = 79D5483E2F4F7B9800B3B07F /* AudioLightPlayerView.swift */; };
		79D548412F4F88AB00B3B07F /* ENHANCED_LIGHT_SCORE_GUIDE.md in Resources */ = {isa = PBXBuildFile; fileRef = 79D548402F4F88AB00B3B07F /* ENHANCED_LIGHT_SCORE_GUIDE.md */; };
/* End PBXBuildFile section */

/* Begin PBXContainerItemProxy section */
		795944112F38010B00907305 /* PBXContainerItemProxy */ = {
			isa = PBXContainerItemProxy;
			containerPortal = 795943FB2F38010900907305 /* Project object */;
			proxyType = 1;
			remoteGlobalIDString = 795944022F38010900907305;
			remoteInfo = Ilumionate;
		};
		7959441B2F38010B00907305 /* PBXContainerItemProxy */ = {
			isa = PBXContainerItemProxy;
			containerPortal = 795943FB2F38010900907305 /* Project object */;
			proxyType = 1;
			remoteGlobalIDString = 795944022F38010900907305;
			remoteInfo = Ilumionate;
		};
/* End PBXContainerItemProxy section */

/* Begin PBXFileReference section */
		795944032F38010900907305 /* Ilumionate.app */ = {isa = PBXFileReference; explicitFileType = wrapper.application; includeInIndex = 0; path = Ilumionate.app; sourceTree = BUILT_PRODUCTS_DIR; };
		795944102F38010B00907305 /* IlumionateTests.xctest */ = {isa = PBXFileReference; explicitFileType = wrapper.cfbundle; includeInIndex = 0; path = IlumionateTests.xctest; sourceTree = BUILT_PRODUCTS_DIR; };
		7959441A2F38010B00907305 /* IlumionateUITests.xctest */ = {isa = PBXFileReference; explicitFileType = wrapper.cfbundle; includeInIndex = 0; path = IlumionateUITests.xctest; sourceTree = BUILT_PRODUCTS_DIR; };
		7988F3932F4FB6E700E1DC5E /* Playlist.swift */ = {isa = PBXFileReference; lastKnownFileType = sourcecode.swift; path = Playlist.swift; sourceTree = "<group>"; };
		7988F3952F4FB70800E1DC5E /* PlaylistEditorView.swift */ = {isa = PBXFileReference; lastKnownFileType = sourcecode.swift; path = PlaylistEditorView.swift; sourceTree = "<group>"; };
		7988F3972F4FB79400E1DC5E /* PlaylistLibraryView.swift */ = {isa = PBXFileReference; lastKnownFileType = sourcecode.swift; path = PlaylistLibraryView.swift; sourceTree = "<group>"; };
		7988F3992F4FB7F500E1DC5E /* PlaylistPlayerController.swift */ = {isa = PBXFileReference; lastKnownFileType = sourcecode.swift; path = PlaylistPlayerController.swift; sourceTree = "<group>"; };
		7988F39B2F4FB82700E1DC5E /* PlaylistPlayerView.swift */ = {isa = PBXFileReference; lastKnownFileType = sourcecode.swift; path = PlaylistPlayerView.swift; sourceTree = "<group>"; };
		79D5483A2F4F76EF00B3B07F /* AudioLightScoreGenerator.swift */ = {isa = PBXFileReference; lastKnownFileType = sourcecode.swift; path = AudioLightScoreGenerator.swift; sourceTree = "<group>"; };
		79D5483C2F4F7B7F00B3B07F /* AudioLightSyncPlayer.swift */ = {isa = PBXFileReference; lastKnownFileType = sourcecode.swift; path = AudioLightSyncPlayer.swift; sourceTree = "<group>"; };
		79D5483E2F4F7B9800B3B07F /* AudioLightPlayerView.swift */ = {isa = PBXFileReference; lastKnownFileType = sourcecode.swift; path = AudioLightPlayerView.swift; sourceTree = "<group>"; };
		79D548402F4F88AB00B3B07F /* ENHANCED_LIGHT_SCORE_GUIDE.md */ = {isa = PBXFileReference; lastKnownFileType = net.daringfireball.markdown; path = ENHANCED_LIGHT_SCORE_GUIDE.md; sourceTree = "<group>"; };
/* End PBXFileReference section */

/* Begin PBXFileSystemSynchronizedRootGroup section */
		795944052F38010900907305 /* Ilumionate */ = {
			isa = PBXFileSystemSynchronizedRootGroup;
			path = Ilumionate;
			sourceTree = "<group>";
		};
		795944132F38010B00907305 /* IlumionateTests */ = {
			isa = PBXFileSystemSynchronizedRootGroup;
			path = IlumionateTests;
			sourceTree = "<group>";
		};
		7959441D2F38010B00907305 /* IlumionateUITests */ = {
			isa = PBXFileSystemSynchronizedRootGroup;
			path = IlumionateUITests;
			sourceTree = "<group>";
		};
/* End PBXFileSystemSynchronizedRootGroup section */

/* Begin PBXFrameworksBuildPhase section */
		795944002F38010900907305 /* Frameworks */ = {
			isa = PBXFrameworksBuildPhase;
			buildActionMask = 2147483647;
			files = (
				79D548392F4F723B00B3B07F /* WhisperKit in Frameworks */,
			);
			runOnlyForDeploymentPostprocessing = 0;
		};
		7959440D2F38010B00907305 /* Frameworks */ = {
			isa = PBXFrameworksBuildPhase;
			buildActionMask = 2147483647;
			files = (
			);
			runOnlyForDeploymentPostprocessing = 0;
		};
		795944172F38010B00907305 /* Frameworks */ = {
			isa = PBXFrameworksBuildPhase;
			buildActionMask = 2147483647;
			files = (
			);
			runOnlyForDeploymentPostprocessing = 0;
		};
/* End PBXFrameworksBuildPhase section */

/* Begin PBXGroup section */
		795943FA2F38010900907305 = {
			isa = PBXGroup;
			children = (
				795944052F38010900907305 /* Ilumionate */,
				795944132F38010B00907305 /* IlumionateTests */,
				7959441D2F38010B00907305 /* IlumionateUITests */,
				79D548372F4F723B00B3B07F /* Frameworks */,
				795944042F38010900907305 /* Products */,
				79D5483A2F4F76EF00B3B07F /* AudioLightScoreGenerator.swift */,
				79D5483C2F4F7B7F00B3B07F /* AudioLightSyncPlayer.swift */,
				79D5483E2F4F7B9800B3B07F /* AudioLightPlayerView.swift */,
				79D548402F4F88AB00B3B07F /* ENHANCED_LIGHT_SCORE_GUIDE.md */,
				7988F3932F4FB6E700E1DC5E /* Playlist.swift */,
				7988F3952F4FB70800E1DC5E /* PlaylistEditorView.swift */,
				7988F3972F4FB79400E1DC5E /* PlaylistLibraryView.swift */,
				7988F3992F4FB7F500E1DC5E /* PlaylistPlayerController.swift */,
				7988F39B2F4FB82700E1DC5E /* PlaylistPlayerView.swift */,
			);
			sourceTree = "<group>";
		};
		795944042F38010900907305 /* Products */ = {
			isa = PBXGroup;
			children = (
				795944032F38010900907305 /* Ilumionate.app */,
				795944102F38010B00907305 /* IlumionateTests.xctest */,
				7959441A2F38010B00907305 /* IlumionateUITests.xctest */,
			);
			name = Products;
			sourceTree = "<group>";
		};
		79D548372F4F723B00B3B07F /* Frameworks */ = {
			isa = PBXGroup;
			children = (
			);
			name = Frameworks;
			sourceTree = "<group>";
		};
/* End PBXGroup section */

/* Begin PBXNativeTarget section */
		795944022F38010900907305 /* Ilumionate */ = {
			isa = PBXNativeTarget;
			buildConfigurationList = 795944242F38010B00907305 /* Build configuration list for PBXNativeTarget "Ilumionate" */;
			buildPhases = (
				795943FF2F38010900907305 /* Sources */,
				795944002F38010900907305 /* Frameworks */,
				795944012F38010900907305 /* Resources */,
			);
			buildRules = (
			);
			dependencies = (
			);
			fileSystemSynchronizedGroups = (
				795944052F38010900907305 /* Ilumionate */,
			);
			name = Ilumionate;
			packageProductDependencies = (
				79D548382F4F723B00B3B07F /* WhisperKit */,
			);
			productName = Ilumionate;
			productReference = 795944032F38010900907305 /* Ilumionate.app */;
			productType = "com.apple.product-type.application";
		};
		7959440F2F38010B00907305 /* IlumionateTests */ = {
			isa = PBXNativeTarget;
			buildConfigurationList = 795944272F38010B00907305 /* Build configuration list for PBXNativeTarget "IlumionateTests" */;
			buildPhases = (
				7959440C2F38010B00907305 /* Sources */,
				7959440D2F38010B00907305 /* Frameworks */,
				7959440E2F38010B00907305 /* Resources */,
			);
			buildRules = (
			);
			dependencies = (
				795944122F38010B00907305 /* PBXTargetDependency */,
			);
			fileSystemSynchronizedGroups = (
				795944132F38010B00907305 /* IlumionateTests */,
			);
			name = IlumionateTests;
			packageProductDependencies = (
			);
			productName = IlumionateTests;
			productReference = 795944102F38010B00907305 /* IlumionateTests.xctest */;
			productType = "com.apple.product-type.bundle.unit-test";
		};
		795944192F38010B00907305 /* IlumionateUITests */ = {
			isa = PBXNativeTarget;
			buildConfigurationList = 7959442A2F38010B00907305 /* Build configuration list for PBXNativeTarget "IlumionateUITests" */;
			buildPhases = (
				795944162F38010B00907305 /* Sources */,
				795944172F38010B00907305 /* Frameworks */,
				795944182F38010B00907305 /* Resources */,
			);
			buildRules = (
			);
			dependencies = (
				7959441C2F38010B00907305 /* PBXTargetDependency */,
			);
			fileSystemSynchronizedGroups = (
				7959441D2F38010B00907305 /* IlumionateUITests */,
			);
			name = IlumionateUITests;
			packageProductDependencies = (
			);
			productName = IlumionateUITests;
			productReference = 7959441A2F38010B00907305 /* IlumionateUITests.xctest */;
			productType = "com.apple.product-type.bundle.ui-testing";
		};
/* End PBXNativeTarget section */

/* Begin PBXProject section */
		795943FB2F38010900907305 /* Project object */ = {
			isa = PBXProject;
			attributes = {
				BuildIndependentTargetsInParallel = 1;
				LastSwiftUpdateCheck = 2620;
				LastUpgradeCheck = 2620;
				TargetAttributes = {
					795944022F38010900907305 = {
						CreatedOnToolsVersion = 26.2;
					};
					7959440F2F38010B00907305 = {
						CreatedOnToolsVersion = 26.2;
						TestTargetID = 795944022F38010900907305;
					};
					795944192F38010B00907305 = {
						CreatedOnToolsVersion = 26.2;
						TestTargetID = 795944022F38010900907305;
					};
				};
			};
			buildConfigurationList = 795943FE2F38010900907305 /* Build configuration list for PBXProject "Ilumionate" */;
			developmentRegion = en;
			hasScannedForEncodings = 0;
			knownRegions = (
				en,
				Base,
			);
			mainGroup = 795943FA2F38010900907305;
			minimizedProjectReferenceProxies = 1;
			packageReferences = (
				79D548362F4F6FF400B3B07F /* XCRemoteSwiftPackageReference "WhisperKit" */,
			);
			preferredProjectObjectVersion = 77;
			productRefGroup = 795944042F38010900907305 /* Products */;
			projectDirPath = "";
			projectRoot = "";
			targets = (
				795944022F38010900907305 /* Ilumionate */,
				7959440F2F38010B00907305 /* IlumionateTests */,
				795944192F38010B00907305 /* IlumionateUITests */,
			);
		};
/* End PBXProject section */

/* Begin PBXResourcesBuildPhase section */
		795944012F38010900907305 /* Resources */ = {
			isa = PBXResourcesBuildPhase;
			buildActionMask = 2147483647;
			files = (
				79D548412F4F88AB00B3B07F /* ENHANCED_LIGHT_SCORE_GUIDE.md in Resources */,
			);
			runOnlyForDeploymentPostprocessing = 0;
		};
		7959440E2F38010B00907305 /* Resources */ = {
			isa = PBXResourcesBuildPhase;
			buildActionMask = 2147483647;
			files = (
			);
			runOnlyForDeploymentPostprocessing = 0;
		};
		795944182F38010B00907305 /* Resources */ = {
			isa = PBXResourcesBuildPhase;
			buildActionMask = 2147483647;
			files = (
			);
			runOnlyForDeploymentPostprocessing = 0;
		};
/* End PBXResourcesBuildPhase section */

/* Begin PBXSourcesBuildPhase section */
		795943FF2F38010900907305 /* Sources */ = {
			isa = PBXSourcesBuildPhase;
			buildActionMask = 2147483647;
			files = (
				79D5483D2F4F7B7F00B3B07F /* AudioLightSyncPlayer.swift in Sources */,
				79D5483F2F4F7B9800B3B07F /* AudioLightPlayerView.swift in Sources */,
				79D5483B2F4F76EF00B3B07F /* AudioLightScoreGenerator.swift in Sources */,
				7988F3982F4FB79400E1DC5E /* PlaylistLibraryView.swift in Sources */,
				7988F3962F4FB70800E1DC5E /* PlaylistEditorView.swift in Sources */,
				7988F39C2F4FB82700E1DC5E /* PlaylistPlayerView.swift in Sources */,
				7988F3942F4FB6E700E1DC5E /* Playlist.swift in Sources */,
				7988F39A2F4FB7F500E1DC5E /* PlaylistPlayerController.swift in Sources */,
			);
			runOnlyForDeploymentPostprocessing = 0;
		};
		7959440C2F38010B00907305 /* Sources */ = {
			isa = PBXSourcesBuildPhase;
			buildActionMask = 2147483647;
			files = (
			);
			runOnlyForDeploymentPostprocessing = 0;
		};
		795944162F38010B00907305 /* Sources */ = {
			isa = PBXSourcesBuildPhase;
			buildActionMask = 2147483647;
			files = (
			);
			runOnlyForDeploymentPostprocessing = 0;
		};
/* End PBXSourcesBuildPhase section */

/* Begin PBXTargetDependency section */
		795944122F38010B00907305 /* PBXTargetDependency */ = {
			isa = PBXTargetDependency;
			target = 795944022F38010900907305 /* Ilumionate */;
			targetProxy = 795944112F38010B00907305 /* PBXContainerItemProxy */;
		};
		7959441C2F38010B00907305 /* PBXTargetDependency */ = {
			isa = PBXTargetDependency;
			target = 795944022F38010900907305 /* Ilumionate */;
			targetProxy = 7959441B2F38010B00907305 /* PBXContainerItemProxy */;
		};
/* End PBXTargetDependency section */

/* Begin XCBuildConfiguration section */
		795944222F38010B00907305 /* Debug */ = {
			isa = XCBuildConfiguration;
			buildSettings = {
				ALWAYS_SEARCH_USER_PATHS = NO;
				ASSETCATALOG_COMPILER_GENERATE_SWIFT_ASSET_SYMBOL_EXTENSIONS = YES;
				CLANG_ANALYZER_NONNULL = YES;
				CLANG_ANALYZER_NUMBER_OBJECT_CONVERSION = YES_AGGRESSIVE;
				CLANG_CXX_LANGUAGE_STANDARD = "gnu++20";
				CLANG_ENABLE_MODULES = YES;
				CLANG_ENABLE_OBJC_ARC = YES;
				CLANG_ENABLE_OBJC_WEAK = YES;
				CLANG_WARN_BLOCK_CAPTURE_AUTORELEASING = YES;
				CLANG_WARN_BOOL_CONVERSION = YES;
				CLANG_WARN_COMMA = YES;
				CLANG_WARN_CONSTANT_CONVERSION = YES;
				CLANG_WARN_DEPRECATED_OBJC_IMPLEMENTATIONS = YES;
				CLANG_WARN_DIRECT_OBJC_ISA_USAGE = YES_ERROR;
				CLANG_WARN_DOCUMENTATION_COMMENTS = YES;
				CLANG_WARN_EMPTY_BODY = YES;
				CLANG_WARN_ENUM_CONVERSION = YES;
				CLANG_WARN_INFINITE_RECURSION = YES;
				CLANG_WARN_INT_CONVERSION = YES;
				CLANG_WARN_NON_LITERAL_NULL_CONVERSION = YES;
				CLANG_WARN_OBJC_IMPLICIT_RETAIN_SELF = YES;
				CLANG_WARN_OBJC_LITERAL_CONVERSION = YES;
				CLANG_WARN_OBJC_ROOT_CLASS = YES_ERROR;
				CLANG_WARN_QUOTED_INCLUDE_IN_FRAMEWORK_HEADER = YES;
				CLANG_WARN_RANGE_LOOP_ANALYSIS = YES;
				CLANG_WARN_STRICT_PROTOTYPES = YES;
				CLANG_WARN_SUSPICIOUS_MOVE = YES;
				CLANG_WARN_UNGUARDED_AVAILABILITY = YES_AGGRESSIVE;
				CLANG_WARN_UNREACHABLE_CODE = YES;
				CLANG_WARN__DUPLICATE_METHOD_MATCH = YES;
				COPY_PHASE_STRIP = NO;
				DEBUG_INFORMATION_FORMAT = dwarf;
				DEVELOPMENT_TEAM = GUHEBKT9SX;
				ENABLE_STRICT_OBJC_MSGSEND = YES;
				ENABLE_TESTABILITY = YES;
				ENABLE_USER_SCRIPT_SANDBOXING = YES;
				GCC_C_LANGUAGE_STANDARD = gnu17;
				GCC_DYNAMIC_NO_PIC = NO;
				GCC_NO_COMMON_BLOCKS = YES;
				GCC_OPTIMIZATION_LEVEL = 0;
				GCC_PREPROCESSOR_DEFINITIONS = (
					"DEBUG=1",
					"$(inherited)",
				);
				GCC_WARN_64_TO_32_BIT_CONVERSION = YES;
				GCC_WARN_ABOUT_RETURN_TYPE = YES_ERROR;
				GCC_WARN_UNDECLARED_SELECTOR = YES;
				GCC_WARN_UNINITIALIZED_AUTOS = YES_AGGRESSIVE;
				GCC_WARN_UNUSED_FUNCTION = YES;
				GCC_WARN_UNUSED_VARIABLE = YES;
				IPHONEOS_DEPLOYMENT_TARGET = 26.2;
				LOCALIZATION_PREFERS_STRING_CATALOGS = YES;
				MTL_ENABLE_DEBUG_INFO = INCLUDE_SOURCE;
				MTL_FAST_MATH = YES;
				ONLY_ACTIVE_ARCH = YES;
				SDKROOT = iphoneos;
				SWIFT_ACTIVE_COMPILATION_CONDITIONS = "DEBUG $(inherited)";
				SWIFT_OPTIMIZATION_LEVEL = "-Onone";
			};
			name = Debug;
		};
		795944232F38010B00907305 /* Release */ = {
			isa = XCBuildConfiguration;
			buildSettings = {
				ALWAYS_SEARCH_USER_PATHS = NO;
				ASSETCATALOG_COMPILER_GENERATE_SWIFT_ASSET_SYMBOL_EXTENSIONS = YES;
				CLANG_ANALYZER_NONNULL = YES;
				CLANG_ANALYZER_NUMBER_OBJECT_CONVERSION = YES_AGGRESSIVE;
				CLANG_CXX_LANGUAGE_STANDARD = "gnu++20";
				CLANG_ENABLE_MODULES = YES;
				CLANG_ENABLE_OBJC_ARC = YES;
				CLANG_ENABLE_OBJC_WEAK = YES;
				CLANG_WARN_BLOCK_CAPTURE_AUTORELEASING = YES;
				CLANG_WARN_BOOL_CONVERSION = YES;
				CLANG_WARN_COMMA = YES;
				CLANG_WARN_CONSTANT_CONVERSION = YES;
				CLANG_WARN_DEPRECATED_OBJC_IMPLEMENTATIONS = YES;
				CLANG_WARN_DIRECT_OBJC_ISA_USAGE = YES_ERROR;
				CLANG_WARN_DOCUMENTATION_COMMENTS = YES;
				CLANG_WARN_EMPTY_BODY = YES;
				CLANG_WARN_ENUM_CONVERSION = YES;
				CLANG_WARN_INFINITE_RECURSION = YES;
				CLANG_WARN_INT_CONVERSION = YES;
				CLANG_WARN_NON_LITERAL_NULL_CONVERSION = YES;
				CLANG_WARN_OBJC_IMPLICIT_RETAIN_SELF = YES;
				CLANG_WARN_OBJC_LITERAL_CONVERSION = YES;
				CLANG_WARN_OBJC_ROOT_CLASS = YES_ERROR;
				CLANG_WARN_QUOTED_INCLUDE_IN_FRAMEWORK_HEADER = YES;
				CLANG_WARN_RANGE_LOOP_ANALYSIS = YES;
				CLANG_WARN_STRICT_PROTOTYPES = YES;
				CLANG_WARN_SUSPICIOUS_MOVE = YES;
				CLANG_WARN_UNGUARDED_AVAILABILITY = YES_AGGRESSIVE;
				CLANG_WARN_UNREACHABLE_CODE = YES;
				CLANG_WARN__DUPLICATE_METHOD_MATCH = YES;
				COPY_PHASE_STRIP = NO;
				DEBUG_INFORMATION_FORMAT = "dwarf-with-dsym";
				DEVELOPMENT_TEAM = GUHEBKT9SX;
				ENABLE_NS_ASSERTIONS = NO;
				ENABLE_STRICT_OBJC_MSGSEND = YES;
				ENABLE_USER_SCRIPT_SANDBOXING = YES;
				GCC_C_LANGUAGE_STANDARD = gnu17;
				GCC_NO_COMMON_BLOCKS = YES;
				GCC_WARN_64_TO_32_BIT_CONVERSION = YES;
				GCC_WARN_ABOUT_RETURN_TYPE = YES_ERROR;
				GCC_WARN_UNDECLARED_SELECTOR = YES;
				GCC_WARN_UNINITIALIZED_AUTOS = YES_AGGRESSIVE;
				GCC_WARN_UNUSED_FUNCTION = YES;
				GCC_WARN_UNUSED_VARIABLE = YES;
				IPHONEOS_DEPLOYMENT_TARGET = 26.2;
				LOCALIZATION_PREFERS_STRING_CATALOGS = YES;
				MTL_ENABLE_DEBUG_INFO = NO;
				MTL_FAST_MATH = YES;
				SDKROOT = iphoneos;
				SWIFT_COMPILATION_MODE = wholemodule;
				VALIDATE_PRODUCT = YES;
			};
			name = Release;
		};
		795944252F38010B00907305 /* Debug */ = {
			isa = XCBuildConfiguration;
			buildSettings = {
				ASSETCATALOG_COMPILER_APPICON_NAME = AppIcon;
				ASSETCATALOG_COMPILER_GLOBAL_ACCENT_COLOR_NAME = AccentColor;
				CODE_SIGN_STYLE = Automatic;
				CURRENT_PROJECT_VERSION = 1002;
				DEVELOPMENT_TEAM = GUHEBKT9SX;
				ENABLE_PREVIEWS = YES;
				GENERATE_INFOPLIST_FILE = YES;
				INFOPLIST_KEY_CFBundleDisplayName = LumeSync;
				INFOPLIST_KEY_ITSAppUsesNonExemptEncryption = NO;
				INFOPLIST_KEY_NSSpeechRecognitionUsageDescription = "LumeSync uses speech recognition to transcribe your audio files and generate personalized light therapy sessions based on the content.";
				INFOPLIST_KEY_UIApplicationSceneManifest_Generation = YES;
				INFOPLIST_KEY_UIApplicationSupportsIndirectInputEvents = YES;
				INFOPLIST_KEY_UIBackgroundModes = audio;
				INFOPLIST_KEY_UILaunchScreen_Generation = YES;
				INFOPLIST_KEY_UISupportedInterfaceOrientations_iPad = "UIInterfaceOrientationPortrait UIInterfaceOrientationPortraitUpsideDown UIInterfaceOrientationLandscapeLeft UIInterfaceOrientationLandscapeRight";
				INFOPLIST_KEY_UISupportedInterfaceOrientations_iPhone = "UIInterfaceOrientationPortrait UIInterfaceOrientationLandscapeLeft UIInterfaceOrientationLandscapeRight";
				IPHONEOS_DEPLOYMENT_TARGET = 26.0;
				LD_RUNPATH_SEARCH_PATHS = (
					"$(inherited)",
					"@executable_path/Frameworks",
				);
				MARKETING_VERSION = 0.5.3;
				PRODUCT_BUNDLE_IDENTIFIER = com.byronquine.lumenSync;
				PRODUCT_NAME = "$(TARGET_NAME)";
				STRING_CATALOG_GENERATE_SYMBOLS = YES;
				SUPPORTED_PLATFORMS = "iphoneos iphonesimulator";
				SUPPORTS_MACCATALYST = NO;
				SUPPORTS_XR_DESIGNED_FOR_IPHONE_IPAD = NO;
				SWIFT_APPROACHABLE_CONCURRENCY = YES;
				SWIFT_DEFAULT_ACTOR_ISOLATION = MainActor;
				SWIFT_EMIT_LOC_STRINGS = YES;
				SWIFT_UPCOMING_FEATURE_MEMBER_IMPORT_VISIBILITY = YES;
				SWIFT_VERSION = 5.0;
				TARGETED_DEVICE_FAMILY = "1,2";
			};
			name = Debug;
		};
		795944262F38010B00907305 /* Release */ = {
			isa = XCBuildConfiguration;
			buildSettings = {
				ASSETCATALOG_COMPILER_APPICON_NAME = AppIcon;
				ASSETCATALOG_COMPILER_GLOBAL_ACCENT_COLOR_NAME = AccentColor;
				CODE_SIGN_STYLE = Automatic;
				CURRENT_PROJECT_VERSION = 1002;
				DEVELOPMENT_TEAM = GUHEBKT9SX;
				ENABLE_PREVIEWS = YES;
				GENERATE_INFOPLIST_FILE = YES;
				INFOPLIST_KEY_CFBundleDisplayName = LumeSync;
				INFOPLIST_KEY_ITSAppUsesNonExemptEncryption = NO;
				INFOPLIST_KEY_NSSpeechRecognitionUsageDescription = "LumeSync uses speech recognition to transcribe your audio files and generate personalized light therapy sessions based on the content.";
				INFOPLIST_KEY_UIApplicationSceneManifest_Generation = YES;
				INFOPLIST_KEY_UIApplicationSupportsIndirectInputEvents = YES;
				INFOPLIST_KEY_UIBackgroundModes = audio;
				INFOPLIST_KEY_UILaunchScreen_Generation = YES;
				INFOPLIST_KEY_UISupportedInterfaceOrientations_iPad = "UIInterfaceOrientationPortrait UIInterfaceOrientationPortraitUpsideDown UIInterfaceOrientationLandscapeLeft UIInterfaceOrientationLandscapeRight";
				INFOPLIST_KEY_UISupportedInterfaceOrientations_iPhone = "UIInterfaceOrientationPortrait UIInterfaceOrientationLandscapeLeft UIInterfaceOrientationLandscapeRight";
				IPHONEOS_DEPLOYMENT_TARGET = 26.0;
				LD_RUNPATH_SEARCH_PATHS = (
					"$(inherited)",
					"@executable_path/Frameworks",
				);
				MARKETING_VERSION = 0.5.3;
				PRODUCT_BUNDLE_IDENTIFIER = com.byronquine.lumenSync;
				PRODUCT_NAME = "$(TARGET_NAME)";
				STRING_CATALOG_GENERATE_SYMBOLS = YES;
				SUPPORTED_PLATFORMS = "iphoneos iphonesimulator";
				SUPPORTS_MACCATALYST = NO;
				SUPPORTS_XR_DESIGNED_FOR_IPHONE_IPAD = NO;
				SWIFT_APPROACHABLE_CONCURRENCY = YES;
				SWIFT_DEFAULT_ACTOR_ISOLATION = MainActor;
				SWIFT_EMIT_LOC_STRINGS = YES;
				SWIFT_UPCOMING_FEATURE_MEMBER_IMPORT_VISIBILITY = YES;
				SWIFT_VERSION = 5.0;
				TARGETED_DEVICE_FAMILY = "1,2";
			};
			name = Release;
		};
		795944282F38010B00907305 /* Debug */ = {
			isa = XCBuildConfiguration;
			buildSettings = {
				BUNDLE_LOADER = "$(TEST_HOST)";
				CODE_SIGN_STYLE = Automatic;
				CURRENT_PROJECT_VERSION = 1001;
				DEVELOPMENT_TEAM = GUHEBKT9SX;
				GENERATE_INFOPLIST_FILE = YES;
				IPHONEOS_DEPLOYMENT_TARGET = 26.2;
				MARKETING_VERSION = 1.0.0;
				PRODUCT_BUNDLE_IDENTIFIER = com.byronquine.IlumionateTests;
				PRODUCT_NAME = "$(TARGET_NAME)";
				STRING_CATALOG_GENERATE_SYMBOLS = NO;
				SWIFT_APPROACHABLE_CONCURRENCY = YES;
				SWIFT_EMIT_LOC_STRINGS = NO;
				SWIFT_UPCOMING_FEATURE_MEMBER_IMPORT_VISIBILITY = YES;
				SWIFT_VERSION = 5.0;
				TARGETED_DEVICE_FAMILY = "1,2";
				TEST_HOST = "$(BUILT_PRODUCTS_DIR)/Ilumionate.app/$(BUNDLE_EXECUTABLE_FOLDER_PATH)/Ilumionate";
			};
			name = Debug;
		};
		795944292F38010B00907305 /* Release */ = {
			isa = XCBuildConfiguration;
			buildSettings = {
				BUNDLE_LOADER = "$(TEST_HOST)";
				CODE_SIGN_STYLE = Automatic;
				CURRENT_PROJECT_VERSION = 1001;
				DEVELOPMENT_TEAM = GUHEBKT9SX;
				GENERATE_INFOPLIST_FILE = YES;
				IPHONEOS_DEPLOYMENT_TARGET = 26.2;
				MARKETING_VERSION = 1.0.0;
				PRODUCT_BUNDLE_IDENTIFIER = com.byronquine.IlumionateTests;
				PRODUCT_NAME = "$(TARGET_NAME)";
				STRING_CATALOG_GENERATE_SYMBOLS = NO;
				SWIFT_APPROACHABLE_CONCURRENCY = YES;
				SWIFT_EMIT_LOC_STRINGS = NO;
				SWIFT_UPCOMING_FEATURE_MEMBER_IMPORT_VISIBILITY = YES;
				SWIFT_VERSION = 5.0;
				TARGETED_DEVICE_FAMILY = "1,2";
				TEST_HOST = "$(BUILT_PRODUCTS_DIR)/Ilumionate.app/$(BUNDLE_EXECUTABLE_FOLDER_PATH)/Ilumionate";
			};
			name = Release;
		};
		7959442B2F38010B00907305 /* Debug */ = {
			isa = XCBuildConfiguration;
			buildSettings = {
				CODE_SIGN_STYLE = Automatic;
				CURRENT_PROJECT_VERSION = 1001;
				DEVELOPMENT_TEAM = GUHEBKT9SX;
				GENERATE_INFOPLIST_FILE = YES;
				MARKETING_VERSION = 1.0.0;
				PRODUCT_BUNDLE_IDENTIFIER = com.byronquine.IlumionateUITests;
				PRODUCT_NAME = "$(TARGET_NAME)";
				STRING_CATALOG_GENERATE_SYMBOLS = NO;
				SWIFT_APPROACHABLE_CONCURRENCY = YES;
				SWIFT_EMIT_LOC_STRINGS = NO;
				SWIFT_UPCOMING_FEATURE_MEMBER_IMPORT_VISIBILITY = YES;
				SWIFT_VERSION = 5.0;
				TARGETED_DEVICE_FAMILY = "1,2";
				TEST_TARGET_NAME = Ilumionate;
			};
			name = Debug;
		};
		7959442C2F38010B00907305 /* Release */ = {
			isa = XCBuildConfiguration;
			buildSettings = {
				CODE_SIGN_STYLE = Automatic;
				CURRENT_PROJECT_VERSION = 1001;
				DEVELOPMENT_TEAM = GUHEBKT9SX;
				GENERATE_INFOPLIST_FILE = YES;
				MARKETING_VERSION = 1.0.0;
				PRODUCT_BUNDLE_IDENTIFIER = com.byronquine.IlumionateUITests;
				PRODUCT_NAME = "$(TARGET_NAME)";
				STRING_CATALOG_GENERATE_SYMBOLS = NO;
				SWIFT_APPROACHABLE_CONCURRENCY = YES;
				SWIFT_EMIT_LOC_STRINGS = NO;
				SWIFT_UPCOMING_FEATURE_MEMBER_IMPORT_VISIBILITY = YES;
				SWIFT_VERSION = 5.0;
				TARGETED_DEVICE_FAMILY = "1,2";
				TEST_TARGET_NAME = Ilumionate;
			};
			name = Release;
		};
/* End XCBuildConfiguration section */

/* Begin XCConfigurationList section */
		795943FE2F38010900907305 /* Build configuration list for PBXProject "Ilumionate" */ = {
			isa = XCConfigurationList;
			buildConfigurations = (
				795944222F38010B00907305 /* Debug */,
				795944232F38010B00907305 /* Release */,
			);
			defaultConfigurationIsVisible = 0;
			defaultConfigurationName = Release;
		};
		795944242F38010B00907305 /* Build configuration list for PBXNativeTarget "Ilumionate" */ = {
			isa = XCConfigurationList;
			buildConfigurations = (
				795944252F38010B00907305 /* Debug */,
				795944262F38010B00907305 /* Release */,
			);
			defaultConfigurationIsVisible = 0;
			defaultConfigurationName = Release;
		};
		795944272F38010B00907305 /* Build configuration list for PBXNativeTarget "IlumionateTests" */ = {
			isa = XCConfigurationList;
			buildConfigurations = (
				795944282F38010B00907305 /* Debug */,
				795944292F38010B00907305 /* Release */,
			);
			defaultConfigurationIsVisible = 0;
			defaultConfigurationName = Release;
		};
		7959442A2F38010B00907305 /* Build configuration list for PBXNativeTarget "IlumionateUITests" */ = {
			isa = XCConfigurationList;
			buildConfigurations = (
				7959442B2F38010B00907305 /* Debug */,
				7959442C2F38010B00907305 /* Release */,
			);
			defaultConfigurationIsVisible = 0;
			defaultConfigurationName = Release;
		};
/* End XCConfigurationList section */

/* Begin XCRemoteSwiftPackageReference section */
		79D548362F4F6FF400B3B07F /* XCRemoteSwiftPackageReference "WhisperKit" */ = {
			isa = XCRemoteSwiftPackageReference;
			repositoryURL = "https://github.com/argmaxinc/WhisperKit.git";
			requirement = {
				branch = main;
				kind = branch;
			};
		};
/* End XCRemoteSwiftPackageReference section */

/* Begin XCSwiftPackageProductDependency section */
		79D548382F4F723B00B3B07F /* WhisperKit */ = {
			isa = XCSwiftPackageProductDependency;
			package = 79D548362F4F6FF400B3B07F /* XCRemoteSwiftPackageReference "WhisperKit" */;
			productName = WhisperKit;
		};
/* End XCSwiftPackageProductDependency section */
	};
	rootObject = 795943FB2F38010900907305 /* Project object */;
}
